
Microsoft Visual Studio Solution File, Format Version 12.00
# Visual Studio Version 17
VisualStudioVersion = 17.13.35931.197 d17.13
MinimumVisualStudioVersion = 10.0.40219.1
Project("{FAE04EC0-301F-11D3-BF4B-00C04F79EFBC}") = "assignment", "assignment.csproj", "{510C9B0E-38E5-473C-98C1-8F15C7EB3EEC}"
EndProject
Global
	GlobalSection(SolutionConfigurationPlatforms) = preSolution
		Debug|Any CPU = Debug|Any CPU
		Release|Any CPU = Release|Any CPU
	EndGlobalSection
	GlobalSection(ProjectConfigurationPlatforms) = postSolution
		{510C9B0E-38E5-473C-98C1-8F15C7EB3EEC}.Debug|Any CPU.ActiveCfg = Debug|Any CPU
		{510C9B0E-38E5-473C-98C1-8F15C7EB3EEC}.Debug|Any CPU.Build.0 = Debug|Any CPU
		{510C9B0E-38E5-473C-98C1-8F15C7EB3EEC}.Release|Any CPU.ActiveCfg = Release|Any CPU
		{510C9B0E-38E5-473C-98C1-8F15C7EB3EEC}.Release|Any CPU.Build.0 = Release|Any CPU
	EndGlobalSection
	GlobalSection(SolutionProperties) = preSolution
		HideSolutionNode = FALSE
	EndGlobalSection
	GlobalSection(ExtensibilityGlobals) = postSolution
		SolutionGuid = {6E61E41C-CCA5-4450-AFA5-E2FBDCE40277}
	EndGlobalSection
EndGlobal
